// !$*UTF8*$!
{
	archiveVersion = 1;
	classes = {
	};
	objectVersion = 46;
	objects = {

/* Begin PBXBuildFile section */
		C907C6BC19DAAA6600FE0E18 /* main.m in Sources */ = {isa = PBXBuildFile; fileRef = C907C6BB19DAAA6600FE0E18 /* main.m */; };
		C907C6BF19DAAA6600FE0E18 /* AppDelegate.m in Sources */ = {isa = PBXBuildFile; fileRef = C907C6BE19DAAA6600FE0E18 /* AppDelegate.m */; };
		C907C6C719DAAA6600FE0E18 /* Images.xcassets in Resources */ = {isa = PBXBuildFile; fileRef = C907C6C619DAAA6600FE0E18 /* Images.xcassets */; };
		C907C6CA19DAAA6600FE0E18 /* LaunchScreen.xib in Resources */ = {isa = PBXBuildFile; fileRef = C907C6C819DAAA6600FE0E18 /* LaunchScreen.xib */; };
		C907C6D619DAAA6600FE0E18 /* CollectionsTests.m in Sources */ = {isa = PBXBuildFile; fileRef = C907C6D519DAAA6600FE0E18 /* CollectionsTests.m */; };
		C907C6E219DAAAE000FE0E18 /* ListViewController.m in Sources */ = {isa = PBXBuildFile; fileRef = C907C6E019DAAAE000FE0E18 /* ListViewController.m */; };
		C907C6E319DAAAE000FE0E18 /* ListViewController.xib in Resources */ = {isa = PBXBuildFile; fileRef = C907C6E119DAAAE000FE0E18 /* ListViewController.xib */; };
		C907C6EA19DAB25200FE0E18 /* CollectionCell.xib in Resources */ = {isa = PBXBuildFile; fileRef = C907C6E919DAB25200FE0E18 /* CollectionCell.xib */; };
/* End PBXBuildFile section */

/* Begin PBXContainerItemProxy section */
		C907C6D019DAAA6600FE0E18 /* PBXContainerItemProxy */ = {
			isa = PBXContainerItemProxy;
			containerPortal = C907C6AE19DAAA6600FE0E18 /* Project object */;
			proxyType = 1;
			remoteGlobalIDString = C907C6B519DAAA6600FE0E18;
			remoteInfo = Collections;
		};
/* End PBXContainerItemProxy section */

/* Begin PBXFileReference section */
		C907C6B619DAAA6600FE0E18 /* Collections.app */ = {isa = PBXFileReference; explicitFileType = wrapper.application; includeInIndex = 0; path = Collections.app; sourceTree = BUILT_PRODUCTS_DIR; };
		C907C6BA19DAAA6600FE0E18 /* Info.plist */ = {isa = PBXFileReference; lastKnownFileType = text.plist.xml; path = Info.plist; sourceTree = "<group>"; };
		C907C6BB19DAAA6600FE0E18 /* main.m */ = {isa = PBXFileReference; lastKnownFileType = sourcecode.c.objc; path = main.m; sourceTree = "<group>"; };
		C907C6BD19DAAA6600FE0E18 /* AppDelegate.h */ = {isa = PBXFileReference; lastKnownFileType = sourcecode.c.h; path = AppDelegate.h; sourceTree = "<group>"; };
		C907C6BE19DAAA6600FE0E18 /* AppDelegate.m */ = {isa = PBXFileReference; lastKnownFileType = sourcecode.c.objc; path = AppDelegate.m; sourceTree = "<group>"; };
		C907C6C619DAAA6600FE0E18 /* Images.xcassets */ = {isa = PBXFileReference; lastKnownFileType = folder.assetcatalog; path = Images.xcassets; sourceTree = "<group>"; };
		C907C6C919DAAA6600FE0E18 /* Base */ = {isa = PBXFileReference; lastKnownFileType = file.xib; name = Base; path = Base.lproj/LaunchScreen.xib; sourceTree = "<group>"; };
		C907C6CF19DAAA6600FE0E18 /* CollectionsTests.xctest */ = {isa = PBXFileReference; explicitFileType = wrapper.cfbundle; includeInIndex = 0; path = CollectionsTests.xctest; sourceTree = BUILT_PRODUCTS_DIR; };
		C907C6D419DAAA6600FE0E18 /* Info.plist */ = {isa = PBXFileReference; lastKnownFileType = text.plist.xml; path = Info.plist; sourceTree = "<group>"; };
		C907C6D519DAAA6600FE0E18 /* CollectionsTests.m */ = {isa = PBXFileReference; lastKnownFileType = sourcecode.c.objc; path = CollectionsTests.m; sourceTree = "<group>"; };
		C907C6DF19DAAAE000FE0E18 /* ListViewController.h */ = {isa = PBXFileReference; fileEncoding = 4; lastKnownFileType = sourcecode.c.h; path = ListViewController.h; sourceTree = "<group>"; };
		C907C6E019DAAAE000FE0E18 /* ListViewController.m */ = {isa = PBXFileReference; fileEncoding = 4; lastKnownFileType = sourcecode.c.objc; path = ListViewController.m; sourceTree = "<group>"; };
		C907C6E119DAAAE000FE0E18 /* ListViewController.xib */ = {isa = PBXFileReference; fileEncoding = 4; lastKnownFileType = file.xib; path = ListViewController.xib; sourceTree = "<group>"; };
		C907C6E919DAB25200FE0E18 /* CollectionCell.xib */ = {isa = PBXFileReference; fileEncoding = 4; lastKnownFileType = file.xib; path = CollectionCell.xib; sourceTree = "<group>"; };
/* End PBXFileReference section */

/* Begin PBXFrameworksBuildPhase section */
		C907C6B319DAAA6600FE0E18 /* Frameworks */ = {
			isa = PBXFrameworksBuildPhase;
			buildActionMask = 2147483647;
			files = (
			);
			runOnlyForDeploymentPostprocessing = 0;
		};
		C907C6CC19DAAA6600FE0E18 /* Frameworks */ = {
			isa = PBXFrameworksBuildPhase;
			buildActionMask = 2147483647;
			files = (
			);
			runOnlyForDeploymentPostprocessing = 0;
		};
/* End PBXFrameworksBuildPhase section */

/* Begin PBXGroup section */
		C907C6AD19DAAA6600FE0E18 = {
			isa = PBXGroup;
			children = (
				C907C6B819DAAA6600FE0E18 /* Collections */,
				C907C6D219DAAA6600FE0E18 /* CollectionsTests */,
				C907C6B719DAAA6600FE0E18 /* Products */,
			);
			sourceTree = "<group>";
		};
		C907C6B719DAAA6600FE0E18 /* Products */ = {
			isa = PBXGroup;
			children = (
				C907C6B619DAAA6600FE0E18 /* Collections.app */,
				C907C6CF19DAAA6600FE0E18 /* CollectionsTests.xctest */,
			);
			name = Products;
			sourceTree = "<group>";
		};
		C907C6B819DAAA6600FE0E18 /* Collections */ = {
			isa = PBXGroup;
			children = (
				C907C6BD19DAAA6600FE0E18 /* AppDelegate.h */,
				C907C6BE19DAAA6600FE0E18 /* AppDelegate.m */,
				C907C6DF19DAAAE000FE0E18 /* ListViewController.h */,
				C907C6E019DAAAE000FE0E18 /* ListViewController.m */,
				C907C6E119DAAAE000FE0E18 /* ListViewController.xib */,
				C907C6E919DAB25200FE0E18 /* CollectionCell.xib */,
				C907C6B919DAAA6600FE0E18 /* Supporting Files */,
			);
			path = Collections;
			sourceTree = "<group>";
		};
		C907C6B919DAAA6600FE0E18 /* Supporting Files */ = {
			isa = PBXGroup;
			children = (
				C907C6C619DAAA6600FE0E18 /* Images.xcassets */,
				C907C6C819DAAA6600FE0E18 /* LaunchScreen.xib */,
				C907C6BA19DAAA6600FE0E18 /* Info.plist */,
				C907C6BB19DAAA6600FE0E18 /* main.m */,
			);
			name = "Supporting Files";
			sourceTree = "<group>";
		};
		C907C6D219DAAA6600FE0E18 /* CollectionsTests */ = {
			isa = PBXGroup;
			children = (
				C907C6D519DAAA6600FE0E18 /* CollectionsTests.m */,
				C907C6D319DAAA6600FE0E18 /* Supporting Files */,
			);
			path = CollectionsTests;
			sourceTree = "<group>";
		};
		C907C6D319DAAA6600FE0E18 /* Supporting Files */ = {
			isa = PBXGroup;
			children = (
				C907C6D419DAAA6600FE0E18 /* Info.plist */,
			);
			name = "Supporting Files";
			sourceTree = "<group>";
		};
/* End PBXGroup section */

/* Begin PBXNativeTarget section */
		C907C6B519DAAA6600FE0E18 /* Collections */ = {
			isa = PBXNativeTarget;
			buildConfigurationList = C907C6D919DAAA6600FE0E18 /* Build configuration list for PBXNativeTarget "Collections" */;
			buildPhases = (
				C907C6B219DAAA6600FE0E18 /* Sources */,
				C907C6B319DAAA6600FE0E18 /* Frameworks */,
				C907C6B419DAAA6600FE0E18 /* Resources */,
			);
			buildRules = (
			);
			dependencies = (
			);
			name = Collections;
			productName = Collections;
			productReference = C907C6B619DAAA6600FE0E18 /* Collections.app */;
			productType = "com.apple.product-type.application";
		};
		C907C6CE19DAAA6600FE0E18 /* CollectionsTests */ = {
			isa = PBXNativeTarget;
			buildConfigurationList = C907C6DC19DAAA6600FE0E18 /* Build configuration list for PBXNativeTarget "CollectionsTests" */;
			buildPhases = (
				C907C6CB19DAAA6600FE0E18 /* Sources */,
				C907C6CC19DAAA6600FE0E18 /* Frameworks */,
				C907C6CD19DAAA6600FE0E18 /* Resources */,
			);
			buildRules = (
			);
			dependencies = (
				C907C6D119DAAA6600FE0E18 /* PBXTargetDependency */,
			);
			name = CollectionsTests;
			productName = CollectionsTests;
			productReference = C907C6CF19DAAA6600FE0E18 /* CollectionsTests.xctest */;
			productType = "com.apple.product-type.bundle.unit-test";
		};
/* End PBXNativeTarget section */

/* Begin PBXProject section */
		C907C6AE19DAAA6600FE0E18 /* Project object */ = {
			isa = PBXProject;
			attributes = {
				LastUpgradeCheck = 0600;
				ORGANIZATIONNAME = "Rinse inc.";
				TargetAttributes = {
					C907C6B519DAAA6600FE0E18 = {
						CreatedOnToolsVersion = 6.0.1;
					};
					C907C6CE19DAAA6600FE0E18 = {
						CreatedOnToolsVersion = 6.0.1;
						TestTargetID = C907C6B519DAAA6600FE0E18;
					};
				};
			};
			buildConfigurationList = C907C6B119DAAA6600FE0E18 /* Build configuration list for PBXProject "Collections" */;
			compatibilityVersion = "Xcode 3.2";
			developmentRegion = English;
			hasScannedForEncodings = 0;
			knownRegions = (
				en,
				Base,
			);
			mainGroup = C907C6AD19DAAA6600FE0E18;
			productRefGroup = C907C6B719DAAA6600FE0E18 /* Products */;
			projectDirPath = "";
			projectRoot = "";
			targets = (
				C907C6B519DAAA6600FE0E18 /* Collections */,
				C907C6CE19DAAA6600FE0E18 /* CollectionsTests */,
			);
		};
/* End PBXProject section */

/* Begin PBXResourcesBuildPhase section */
		C907C6B419DAAA6600FE0E18 /* Resources */ = {
			isa = PBXResourcesBuildPhase;
			buildActionMask = 2147483647;
			files = (
				C907C6CA19DAAA6600FE0E18 /* LaunchScreen.xib in Resources */,
				C907C6C719DAAA6600FE0E18 /* Images.xcassets in Resources */,
				C907C6E319DAAAE000FE0E18 /* ListViewController.xib in Resources */,
				C907C6EA19DAB25200FE0E18 /* CollectionCell.xib in Resources */,
			);
			runOnlyForDeploymentPostprocessing = 0;
		};
		C907C6CD19DAAA6600FE0E18 /* Resources */ = {
			isa = PBXResourcesBuildPhase;
			buildActionMask = 2147483647;
			files = (
			);
			runOnlyForDeploymentPostprocessing = 0;
		};
/* End PBXResourcesBuildPhase section */

/* Begin PBXSourcesBuildPhase section */
		C907C6B219DAAA6600FE0E18 /* Sources */ = {
			isa = PBXSourcesBuildPhase;
			buildActionMask = 2147483647;
			files = (
				C907C6BF19DAAA6600FE0E18 /* AppDelegate.m in Sources */,
				C907C6BC19DAAA6600FE0E18 /* main.m in Sources */,
				C907C6E219DAAAE000FE0E18 /* ListViewController.m in Sources */,
			);
			runOnlyForDeploymentPostprocessing = 0;
		};
		C907C6CB19DAAA6600FE0E18 /* Sources */ = {
			isa = PBXSourcesBuildPhase;
			buildActionMask = 2147483647;
			files = (
				C907C6D619DAAA6600FE0E18 /* CollectionsTests.m in Sources */,
			);
			runOnlyForDeploymentPostprocessing = 0;
		};
/* End PBXSourcesBuildPhase section */

/* Begin PBXTargetDependency section */
		C907C6D119DAAA6600FE0E18 /* PBXTargetDependency */ = {
			isa = PBXTargetDependency;
			target = C907C6B519DAAA6600FE0E18 /* Collections */;
			targetProxy = C907C6D019DAAA6600FE0E18 /* PBXContainerItemProxy */;
		};
/* End PBXTargetDependency section */

/* Begin PBXVariantGroup section */
		C907C6C819DAAA6600FE0E18 /* LaunchScreen.xib */ = {
			isa = PBXVariantGroup;
			children = (
				C907C6C919DAAA6600FE0E18 /* Base */,
			);
			name = LaunchScreen.xib;
			sourceTree = "<group>";
		};
/* End PBXVariantGroup section */

/* Begin XCBuildConfiguration section */
		C907C6D719DAAA6600FE0E18 /* Debug */ = {
			isa = XCBuildConfiguration;
			buildSettings = {
				ALWAYS_SEARCH_USER_PATHS = NO;
				CLANG_CXX_LANGUAGE_STANDARD = "gnu++0x";
				CLANG_CXX_LIBRARY = "libc++";
				CLANG_ENABLE_MODULES = YES;
				CLANG_ENABLE_OBJC_ARC = YES;
				CLANG_WARN_BOOL_CONVERSION = YES;
				CLANG_WARN_CONSTANT_CONVERSION = YES;
				CLANG_WARN_DIRECT_OBJC_ISA_USAGE = YES_ERROR;
				CLANG_WARN_EMPTY_BODY = YES;
				CLANG_WARN_ENUM_CONVERSION = YES;
				CLANG_WARN_INT_CONVERSION = YES;
				CLANG_WARN_OBJC_ROOT_CLASS = YES_ERROR;
				CLANG_WARN_UNREACHABLE_CODE = YES;
				CLANG_WARN__DUPLICATE_METHOD_MATCH = YES;
				"CODE_SIGN_IDENTITY[sdk=iphoneos*]" = "iPhone Developer";
				COPY_PHASE_STRIP = NO;
				ENABLE_STRICT_OBJC_MSGSEND = YES;
				GCC_C_LANGUAGE_STANDARD = gnu99;
				GCC_DYNAMIC_NO_PIC = NO;
				GCC_OPTIMIZATION_LEVEL = 0;
				GCC_PREPROCESSOR_DEFINITIONS = (
					"DEBUG=1",
					"$(inherited)",
				);
				GCC_SYMBOLS_PRIVATE_EXTERN = NO;
				GCC_WARN_64_TO_32_BIT_CONVERSION = YES;
				GCC_WARN_ABOUT_RETURN_TYPE = YES_ERROR;
				GCC_WARN_UNDECLARED_SELECTOR = YES;
				GCC_WARN_UNINITIALIZED_AUTOS = YES_AGGRESSIVE;
				GCC_WARN_UNUSED_FUNCTION = YES;
				GCC_WARN_UNUSED_VARIABLE = YES;
				IPHONEOS_DEPLOYMENT_TARGET = 8.0;
				MTL_ENABLE_DEBUG_INFO = YES;
				ONLY_ACTIVE_ARCH = YES;
				SDKROOT = iphoneos;
			};
			name = Debug;
		};
		C907C6D819DAAA6600FE0E18 /* Release */ = {
			isa = XCBuildConfiguration;
			buildSettings = {
				ALWAYS_SEARCH_USER_PATHS = NO;
				CLANG_CXX_LANGUAGE_STANDARD = "gnu++0x";
				CLANG_CXX_LIBRARY = "libc++";
				CLANG_ENABLE_MODULES = YES;
				CLANG_ENABLE_OBJC_ARC = YES;
				CLANG_WARN_BOOL_CONVERSION = YES;
				CLANG_WARN_CONSTANT_CONVERSION = YES;
				CLANG_WARN_DIRECT_OBJC_ISA_USAGE = YES_ERROR;
				CLANG_WARN_EMPTY_BODY = YES;
				CLANG_WARN_ENUM_CONVERSION = YES;
				CLANG_WARN_INT_CONVERSION = YES;
				CLANG_WARN_OBJC_ROOT_CLASS = YES_ERROR;
				CLANG_WARN_UNREACHABLE_CODE = YES;
				CLANG_WARN__DUPLICATE_METHOD_MATCH = YES;
				"CODE_SIGN_IDENTITY[sdk=iphoneos*]" = "iPhone Developer";
				COPY_PHASE_STRIP = YES;
				ENABLE_NS_ASSERTIONS = NO;
				ENABLE_STRICT_OBJC_MSGSEND = YES;
				GCC_C_LANGUAGE_STANDARD = gnu99;
				GCC_WARN_64_TO_32_BIT_CONVERSION = YES;
				GCC_WARN_ABOUT_RETURN_TYPE = YES_ERROR;
				GCC_WARN_UNDECLARED_SELECTOR = YES;
				GCC_WARN_UNINITIALIZED_AUTOS = YES_AGGRESSIVE;
				GCC_WARN_UNUSED_FUNCTION = YES;
				GCC_WARN_UNUSED_VARIABLE = YES;
				IPHONEOS_DEPLOYMENT_TARGET = 8.0;
				MTL_ENABLE_DEBUG_INFO = NO;
				SDKROOT = iphoneos;
				VALIDATE_PRODUCT = YES;
			};
			name = Release;
		};
		C907C6DA19DAAA6600FE0E18 /* Debug */ = {
			isa = XCBuildConfiguration;
			buildSettings = {
				ASSETCATALOG_COMPILER_APPICON_NAME = AppIcon;
				INFOPLIST_FILE = Collections/Info.plist;
				LD_RUNPATH_SEARCH_PATHS = "$(inherited) @executable_path/Frameworks";
				PRODUCT_NAME = "$(TARGET_NAME)";
			};
			name = Debug;
		};
		C907C6DB19DAAA6600FE0E18 /* Release */ = {
			isa = XCBuildConfiguration;
			buildSettings = {
				ASSETCATALOG_COMPILER_APPICON_NAME = AppIcon;
				INFOPLIST_FILE = Collections/Info.plist;
				LD_RUNPATH_SEARCH_PATHS = "$(inherited) @executable_path/Frameworks";
				PRODUCT_NAME = "$(TARGET_NAME)";
			};
			name = Release;
		};
		C907C6DD19DAAA6600FE0E18 /* Debug */ = {
			isa = XCBuildConfiguration;
			buildSettings = {
				BUNDLE_LOADER = "$(TEST_HOST)";
				FRAMEWORK_SEARCH_PATHS = (
					"$(SDKROOT)/Developer/Library/Frameworks",
					"$(inherited)",
				);
				GCC_PREPROCESSOR_DEFINITIONS = (
					"DEBUG=1",
					"$(inherited)",
				);
				INFOPLIST_FILE = CollectionsTests/Info.plist;
				LD_RUNPATH_SEARCH_PATHS = "$(inherited) @executable_path/Frameworks @loader_path/Frameworks";
				PRODUCT_NAME = "$(TARGET_NAME)";
				TEST_HOST = "$(BUILT_PRODUCTS_DIR)/Collections.app/Collections";
			};
			name = Debug;
		};
		C907C6DE19DAAA6600FE0E18 /* Release */ = {
			isa = XCBuildConfiguration;
			buildSettings = {
				BUNDLE_LOADER = "$(TEST_HOST)";
				FRAMEWORK_SEARCH_PATHS = (
					"$(SDKROOT)/Developer/Library/Frameworks",
					"$(inherited)",
				);
				INFOPLIST_FILE = CollectionsTests/Info.plist;
				LD_RUNPATH_SEARCH_PATHS = "$(inherited) @executable_path/Frameworks @loader_path/Frameworks";
				PRODUCT_NAME = "$(TARGET_NAME)";
				TEST_HOST = "$(BUILT_PRODUCTS_DIR)/Collections.app/Collections";
			};
			name = Release;
		};
/* End XCBuildConfiguration section */

/* Begin XCConfigurationList section */
		C907C6B119DAAA6600FE0E18 /* Build configuration list for PBXProject "Collections" */ = {
			isa = XCConfigurationList;
			buildConfigurations = (
				C907C6D719DAAA6600FE0E18 /* Debug */,
				C907C6D819DAAA6600FE0E18 /* Release */,
			);
			defaultConfigurationIsVisible = 0;
			defaultConfigurationName = Release;
		};
		C907C6D919DAAA6600FE0E18 /* Build configuration list for PBXNativeTarget "Collections" */ = {
			isa = XCConfigurationList;
			buildConfigurations = (
				C907C6DA19DAAA6600FE0E18 /* Debug */,
				C907C6DB19DAAA6600FE0E18 /* Release */,
			);
			defaultConfigurationIsVisible = 0;
		};
		C907C6DC19DAAA6600FE0E18 /* Build configuration list for PBXNativeTarget "CollectionsTests" */ = {
			isa = XCConfigurationList;
			buildConfigurations = (
				C907C6DD19DAAA6600FE0E18 /* Debug */,
				C907C6DE19DAAA6600FE0E18 /* Release */,
			);
			defaultConfigurationIsVisible = 0;
		};
/* End XCConfigurationList section */
	};
	rootObject = C907C6AE19DAAA6600FE0E18 /* Project object */;
}
